
Microsoft Visual Studio Solution File, Format Version 12.00
# Visual Studio 15
VisualStudioVersion = 15.0.28307.329
MinimumVisualStudioVersion = 10.0.40219.1
Project("{9A19103F-16F7-4668-BE54-9A1E7A4F7556}") = "CryptoCrawler.Common", "CryptoCrawler.Common\CryptoCrawler.Common.csproj", "{01BD20BB-F31F-4682-A1FC-E8D5CC0A6A4B}"
EndProject
Project("{FAE04EC0-301F-11D3-BF4B-00C04F79EFBC}") = "CryptoCrawler.AzureFunc", "CryptoCrawler.AzureFunc\CryptoCrawler.AzureFunc.csproj", "{A36C6661-4AB9-40A7-815B-ACACAA10FEEE}"
EndProject
Global
	GlobalSection(SolutionConfigurationPlatforms) = preSolution
		Debug|Any CPU = Debug|Any CPU
		Release|Any CPU = Release|Any CPU
	EndGlobalSection
	GlobalSection(ProjectConfigurationPlatforms) = postSolution
		{01BD20BB-F31F-4682-A1FC-E8D5CC0A6A4B}.Debug|Any CPU.ActiveCfg = Debug|Any CPU
		{01BD20BB-F31F-4682-A1FC-E8D5CC0A6A4B}.Debug|Any CPU.Build.0 = Debug|Any CPU
		{01BD20BB-F31F-4682-A1FC-E8D5CC0A6A4B}.Release|Any CPU.ActiveCfg = Release|Any CPU
		{01BD20BB-F31F-4682-A1FC-E8D5CC0A6A4B}.Release|Any CPU.Build.0 = Release|Any CPU
		{A36C6661-4AB9-40A7-815B-ACACAA10FEEE}.Debug|Any CPU.ActiveCfg = Debug|Any CPU
		{A36C6661-4AB9-40A7-815B-ACACAA10FEEE}.Debug|Any CPU.Build.0 = Debug|Any CPU
		{A36C6661-4AB9-40A7-815B-ACACAA10FEEE}.Release|Any CPU.ActiveCfg = Release|Any CPU
		{A36C6661-4AB9-40A7-815B-ACACAA10FEEE}.Release|Any CPU.Build.0 = Release|Any CPU
	EndGlobalSection
	GlobalSection(SolutionProperties) = preSolution
		HideSolutionNode = FALSE
	EndGlobalSection
	GlobalSection(ExtensibilityGlobals) = postSolution
		SolutionGuid = {8DD9E7F1-F9E5-4856-9344-FFC8CD33C2BA}
	EndGlobalSection
EndGlobal
